
Microsoft Visual Studio Solution File, Format Version 12.00
# Visual Studio Version 17
VisualStudioVersion = 17.4.33110.190
MinimumVisualStudioVersion = 10.0.40219.1
Project("{FAE04EC0-301F-11D3-BF4B-00C04F79EFBC}") = "Nexus", "Nexus.csproj", "{785FF2A0-8AF5-4161-A738-F7D2754517FF}"
EndProject
Global
	GlobalSection(SolutionConfigurationPlatforms) = preSolution
		Debug|Any CPU = Debug|Any CPU
		Release|Any CPU = Release|Any CPU
	EndGlobalSection
	GlobalSection(ProjectConfigurationPlatforms) = postSolution
		{785FF2A0-8AF5-4161-A738-F7D2754517FF}.Debug|Any CPU.ActiveCfg = Debug|Any CPU
		{785FF2A0-8AF5-4161-A738-F7D2754517FF}.Debug|Any CPU.Build.0 = Debug|Any CPU
		{785FF2A0-8AF5-4161-A738-F7D2754517FF}.Release|Any CPU.ActiveCfg = Release|Any CPU
		{785FF2A0-8AF5-4161-A738-F7D2754517FF}.Release|Any CPU.Build.0 = Release|Any CPU
	EndGlobalSection
	GlobalSection(SolutionProperties) = preSolution
		HideSolutionNode = FALSE
	EndGlobalSection
	GlobalSection(ExtensibilityGlobals) = postSolution
		SolutionGuid = {9AA21411-4765-401A-8756-90BF0C2358D0}
	EndGlobalSection
EndGlobal
